
Microsoft Visual Studio Solution File, Format Version 12.00
# Visual Studio Version 16
VisualStudioVersion = 16.0.30104.148
MinimumVisualStudioVersion = 10.0.40219.1
Project("{9A19103F-16F7-4668-BE54-9A1E7A4F7556}") = "CRUD.WebAPI", "CRUD.WebAPI\CRUD.WebAPI.csproj", "{7183765B-80BF-47A1-A3ED-689564B1C8DA}"
EndProject
Project("{FAE04EC0-301F-11D3-BF4B-00C04F79EFBC}") = "CRUD.Blazor", "CRUD.Blazor\CRUD.Blazor.csproj", "{D993D355-00CC-41B2-A9B2-A2FB52301EF8}"
EndProject
Global
	GlobalSection(SolutionConfigurationPlatforms) = preSolution
		Debug|Any CPU = Debug|Any CPU
		Release|Any CPU = Release|Any CPU
	EndGlobalSection
	GlobalSection(ProjectConfigurationPlatforms) = postSolution
		{7183765B-80BF-47A1-A3ED-689564B1C8DA}.Debug|Any CPU.ActiveCfg = Debug|Any CPU
		{7183765B-80BF-47A1-A3ED-689564B1C8DA}.Debug|Any CPU.Build.0 = Debug|Any CPU
		{7183765B-80BF-47A1-A3ED-689564B1C8DA}.Release|Any CPU.ActiveCfg = Release|Any CPU
		{7183765B-80BF-47A1-A3ED-689564B1C8DA}.Release|Any CPU.Build.0 = Release|Any CPU
		{D993D355-00CC-41B2-A9B2-A2FB52301EF8}.Debug|Any CPU.ActiveCfg = Debug|Any CPU
		{D993D355-00CC-41B2-A9B2-A2FB52301EF8}.Debug|Any CPU.Build.0 = Debug|Any CPU
		{D993D355-00CC-41B2-A9B2-A2FB52301EF8}.Release|Any CPU.ActiveCfg = Release|Any CPU
		{D993D355-00CC-41B2-A9B2-A2FB52301EF8}.Release|Any CPU.Build.0 = Release|Any CPU
	EndGlobalSection
	GlobalSection(SolutionProperties) = preSolution
		HideSolutionNode = FALSE
	EndGlobalSection
	GlobalSection(ExtensibilityGlobals) = postSolution
		SolutionGuid = {DF3734D7-DA1E-4F88-B924-E14DDA76931E}
	EndGlobalSection
EndGlobal
